
Microsoft Visual Studio Solution File, Format Version 12.00
# Visual Studio 15
VisualStudioVersion = 15.0.28307.168
MinimumVisualStudioVersion = 10.0.40219.1
Project("{FAE04EC0-301F-11D3-BF4B-00C04F79EFBC}") = "Agenda.Presentation", "Agenda\Agenda.Presentation.csproj", "{27C09A44-B7FD-4B32-ACC4-18AC6FC99829}"
EndProject
Project("{FAE04EC0-301F-11D3-BF4B-00C04F79EFBC}") = "Agenda.Domain", "Agenda.Domain\Agenda.Domain.csproj", "{0D4FB743-9262-4DE2-891A-25368A31378A}"
EndProject
Project("{FAE04EC0-301F-11D3-BF4B-00C04F79EFBC}") = "Agenda.Infra", "Agenda.Infra\Agenda.Infra.csproj", "{D252EA86-B5C4-460D-A675-BCB7BF38B8EB}"
EndProject
Global
	GlobalSection(SolutionConfigurationPlatforms) = preSolution
		Debug|Any CPU = Debug|Any CPU
		Release|Any CPU = Release|Any CPU
	EndGlobalSection
	GlobalSection(ProjectConfigurationPlatforms) = postSolution
		{27C09A44-B7FD-4B32-ACC4-18AC6FC99829}.Debug|Any CPU.ActiveCfg = Debug|Any CPU
		{27C09A44-B7FD-4B32-ACC4-18AC6FC99829}.Debug|Any CPU.Build.0 = Debug|Any CPU
		{27C09A44-B7FD-4B32-ACC4-18AC6FC99829}.Release|Any CPU.ActiveCfg = Release|Any CPU
		{27C09A44-B7FD-4B32-ACC4-18AC6FC99829}.Release|Any CPU.Build.0 = Release|Any CPU
		{0D4FB743-9262-4DE2-891A-25368A31378A}.Debug|Any CPU.ActiveCfg = Debug|Any CPU
		{0D4FB743-9262-4DE2-891A-25368A31378A}.Debug|Any CPU.Build.0 = Debug|Any CPU
		{0D4FB743-9262-4DE2-891A-25368A31378A}.Release|Any CPU.ActiveCfg = Release|Any CPU
		{0D4FB743-9262-4DE2-891A-25368A31378A}.Release|Any CPU.Build.0 = Release|Any CPU
		{D252EA86-B5C4-460D-A675-BCB7BF38B8EB}.Debug|Any CPU.ActiveCfg = Debug|Any CPU
		{D252EA86-B5C4-460D-A675-BCB7BF38B8EB}.Debug|Any CPU.Build.0 = Debug|Any CPU
		{D252EA86-B5C4-460D-A675-BCB7BF38B8EB}.Release|Any CPU.ActiveCfg = Release|Any CPU
		{D252EA86-B5C4-460D-A675-BCB7BF38B8EB}.Release|Any CPU.Build.0 = Release|Any CPU
	EndGlobalSection
	GlobalSection(SolutionProperties) = preSolution
		HideSolutionNode = FALSE
	EndGlobalSection
	GlobalSection(ExtensibilityGlobals) = postSolution
		SolutionGuid = {A8AA2812-282B-4AD8-BC05-09E74DDDECA7}
	EndGlobalSection
EndGlobal
